
Microsoft Visual Studio Solution File, Format Version 12.00
# Visual Studio Version 17
VisualStudioVersion = 17.2.32526.322
MinimumVisualStudioVersion = 10.0.40219.1
Project("{2150E333-8FDC-42A3-9474-1A3956D46DE8}") = "src", "src", "{CA9AC87F-097E-4F15-8393-4BC07735A5B0}"
EndProject
Project("{2150E333-8FDC-42A3-9474-1A3956D46DE8}") = "test", "test", "{04DBDB01-70F4-4E06-B468-8F87850B22BE}"
EndProject
Project("{2150E333-8FDC-42A3-9474-1A3956D46DE8}") = "auth", "auth", "{1C4ACF57-25F8-4924-AB4B-D4C26C9E0FC1}"
EndProject
Project("{2150E333-8FDC-42A3-9474-1A3956D46DE8}") = "common", "common", "{0FC5C74A-D6D6-4934-8C0D-184E70CE0C0B}"
EndProject
Project("{2150E333-8FDC-42A3-9474-1A3956D46DE8}") = "domain", "domain", "{766F9EE5-3EA8-48E3-BB7B-906A9DEFA412}"
EndProject
Project("{2150E333-8FDC-42A3-9474-1A3956D46DE8}") = "infrastructure", "infrastructure", "{27EC79A9-42CF-4176-B3BB-697B07AA287B}"
EndProject
Project("{2150E333-8FDC-42A3-9474-1A3956D46DE8}") = "public", "public", "{42079C50-0D57-4885-82E2-2C7CCB4BE635}"
EndProject
Project("{2150E333-8FDC-42A3-9474-1A3956D46DE8}") = "admin", "admin", "{356C65AF-4E2F-4D6A-97E7-D11B384EBFB5}"
EndProject
Project("{2150E333-8FDC-42A3-9474-1A3956D46DE8}") = "public", "public", "{EFA0AD54-9FA1-4C62-B557-A1CDC3A43AB6}"
EndProject
Project("{2150E333-8FDC-42A3-9474-1A3956D46DE8}") = "admin", "admin", "{9F28FB6E-A077-49ED-A011-9200E9D854E8}"
EndProject
Project("{2150E333-8FDC-42A3-9474-1A3956D46DE8}") = "shared", "shared", "{DC8BB66A-2EDE-43A3-8D59-6B9238D03004}"
EndProject
Project("{9A19103F-16F7-4668-BE54-9A1E7A4F7556}") = "NTKEcommerce.Admin.Application", "src\NTKEcommerce.Admin.Application\NTKEcommerce.Admin.Application.csproj", "{63E27D62-07F5-4EA6-9484-02E2B616B925}"
EndProject
Project("{9A19103F-16F7-4668-BE54-9A1E7A4F7556}") = "NTKEcommerce.Admin.Application.Contracts", "src\NTKEcommerce.Admin.Application.Contracts\NTKEcommerce.Admin.Application.Contracts.csproj", "{9C6BB9E7-341F-4ABF-880F-9BFFE4EAE498}"
EndProject
Project("{9A19103F-16F7-4668-BE54-9A1E7A4F7556}") = "NTKEcommerce.Admin.HttpApi", "src\NTKEcommerce.Admin.HttpApi\NTKEcommerce.Admin.HttpApi.csproj", "{5508EAD5-3BE6-4C41-9B33-F93D6D983DB1}"
EndProject
Project("{9A19103F-16F7-4668-BE54-9A1E7A4F7556}") = "NTKEcommerce.Admin.HttpApi.Client", "src\NTKEcommerce.Admin.HttpApi.Client\NTKEcommerce.Admin.HttpApi.Client.csproj", "{E6FA484F-F042-4C4A-8A8C-72F2CC2E40C0}"
EndProject
Project("{9A19103F-16F7-4668-BE54-9A1E7A4F7556}") = "NTKEcommerce.Admin.HttpApi.Host", "src\NTKEcommerce.Admin.HttpApi.Host\NTKEcommerce.Admin.HttpApi.Host.csproj", "{D8441709-C99D-41CD-A66D-ECDBA4A6C340}"
EndProject
Project("{9A19103F-16F7-4668-BE54-9A1E7A4F7556}") = "NTKEcommerce.AuthServer", "src\NTKEcommerce.AuthServer\NTKEcommerce.AuthServer.csproj", "{97AB039F-4E88-436B-BB34-C3D1EEB40964}"
EndProject
Project("{9A19103F-16F7-4668-BE54-9A1E7A4F7556}") = "NTKEcommerce.Domain", "src\NTKEcommerce.Domain\NTKEcommerce.Domain.csproj", "{4A6008F2-9435-4C2B-ACE3-5413C3261F4F}"
EndProject
Project("{9A19103F-16F7-4668-BE54-9A1E7A4F7556}") = "NTKEcommerce.Domain.Shared", "src\NTKEcommerce.Domain.Shared\NTKEcommerce.Domain.Shared.csproj", "{DA5BCBBD-A7A9-4244-B781-C3BB4A72E447}"
EndProject
Project("{9A19103F-16F7-4668-BE54-9A1E7A4F7556}") = "NTKEcommerce.DbMigrator", "src\NTKEcommerce.DbMigrator\NTKEcommerce.DbMigrator.csproj", "{20564F48-08B7-46C6-878A-F7863EA87308}"
EndProject
Project("{9A19103F-16F7-4668-BE54-9A1E7A4F7556}") = "NTKEcommerce.EntityFrameworkCore", "src\NTKEcommerce.EntityFrameworkCore\NTKEcommerce.EntityFrameworkCore.csproj", "{B84BCD2C-04EC-4C05-8406-185C20F2296B}"
EndProject
Project("{9A19103F-16F7-4668-BE54-9A1E7A4F7556}") = "NTKEcommerce.Application", "src\NTKEcommerce.Application\NTKEcommerce.Application.csproj", "{4D0922CC-0EEF-4758-9948-DD1DB0F04B7B}"
EndProject
Project("{9A19103F-16F7-4668-BE54-9A1E7A4F7556}") = "NTKEcommerce.Application.Contracts", "src\NTKEcommerce.Application.Contracts\NTKEcommerce.Application.Contracts.csproj", "{59326AA8-7286-44A2-8826-5B07D2D89DBE}"
EndProject
Project("{9A19103F-16F7-4668-BE54-9A1E7A4F7556}") = "NTKEcommerce.HttpApi", "src\NTKEcommerce.HttpApi\NTKEcommerce.HttpApi.csproj", "{C9C1C581-C2BC-4B78-A4C0-B8C7465716FD}"
EndProject
Project("{9A19103F-16F7-4668-BE54-9A1E7A4F7556}") = "NTKEcommerce.HttpApi.Client", "src\NTKEcommerce.HttpApi.Client\NTKEcommerce.HttpApi.Client.csproj", "{B6BC02ED-5B1E-431F-95F3-CE4EA2941732}"
EndProject
Project("{9A19103F-16F7-4668-BE54-9A1E7A4F7556}") = "NTKEcommerce.HttpApi.Host", "src\NTKEcommerce.HttpApi.Host\NTKEcommerce.HttpApi.Host.csproj", "{D71DAECA-799F-41DC-A198-7E16899F0398}"
EndProject
Project("{9A19103F-16F7-4668-BE54-9A1E7A4F7556}") = "NTKEcommerce.Admin.Application.Tests", "test\NTKEcommerce.Admin.Application.Tests\NTKEcommerce.Admin.Application.Tests.csproj", "{057E2BAF-6D0F-4513-A661-A9DA8B82E45C}"
EndProject
Project("{9A19103F-16F7-4668-BE54-9A1E7A4F7556}") = "NTKEcommerce.Admin.HttpApi.Client.ConsoleTestApp", "test\NTKEcommerce.Admin.HttpApi.Client.ConsoleTestApp\NTKEcommerce.Admin.HttpApi.Client.ConsoleTestApp.csproj", "{08A38067-7A4A-4FF2-8134-110AB82D0B85}"
EndProject
Project("{9A19103F-16F7-4668-BE54-9A1E7A4F7556}") = "NTKEcommerce.Application.Tests", "test\NTKEcommerce.Application.Tests\NTKEcommerce.Application.Tests.csproj", "{0098C25F-799D-4310-AFD1-D3F9CCB68C20}"
EndProject
Project("{9A19103F-16F7-4668-BE54-9A1E7A4F7556}") = "NTKEcommerce.HttpApi.Client.ConsoleTestApp", "test\NTKEcommerce.HttpApi.Client.ConsoleTestApp\NTKEcommerce.HttpApi.Client.ConsoleTestApp.csproj", "{5DC52BD7-B82F-47E8-8D5A-4CEF7AAFA60C}"
EndProject
Project("{9A19103F-16F7-4668-BE54-9A1E7A4F7556}") = "NTKEcommerce.Domain.Tests", "test\NTKEcommerce.Domain.Tests\NTKEcommerce.Domain.Tests.csproj", "{8ABA77E2-C632-404D-9F79-F7FC122DDF8D}"
EndProject
Project("{9A19103F-16F7-4668-BE54-9A1E7A4F7556}") = "NTKEcommerce.TestBase", "test\NTKEcommerce.TestBase\NTKEcommerce.TestBase.csproj", "{8ED998E5-9ED1-4F28-A010-FE03F5EC6E83}"
EndProject
Project("{9A19103F-16F7-4668-BE54-9A1E7A4F7556}") = "NTKEcommerce.EntityFrameworkCore.Tests", "test\NTKEcommerce.EntityFrameworkCore.Tests\NTKEcommerce.EntityFrameworkCore.Tests.csproj", "{6CD074CA-D2F5-4C50-810A-B97B6C53E382}"
EndProject
Global
	GlobalSection(SolutionConfigurationPlatforms) = preSolution
		Debug|Any CPU = Debug|Any CPU
		Release|Any CPU = Release|Any CPU
	EndGlobalSection
	GlobalSection(ProjectConfigurationPlatforms) = postSolution
		{63E27D62-07F5-4EA6-9484-02E2B616B925}.Debug|Any CPU.ActiveCfg = Debug|Any CPU
		{63E27D62-07F5-4EA6-9484-02E2B616B925}.Debug|Any CPU.Build.0 = Debug|Any CPU
		{63E27D62-07F5-4EA6-9484-02E2B616B925}.Release|Any CPU.ActiveCfg = Release|Any CPU
		{63E27D62-07F5-4EA6-9484-02E2B616B925}.Release|Any CPU.Build.0 = Release|Any CPU
		{9C6BB9E7-341F-4ABF-880F-9BFFE4EAE498}.Debug|Any CPU.ActiveCfg = Debug|Any CPU
		{9C6BB9E7-341F-4ABF-880F-9BFFE4EAE498}.Debug|Any CPU.Build.0 = Debug|Any CPU
		{9C6BB9E7-341F-4ABF-880F-9BFFE4EAE498}.Release|Any CPU.ActiveCfg = Release|Any CPU
		{9C6BB9E7-341F-4ABF-880F-9BFFE4EAE498}.Release|Any CPU.Build.0 = Release|Any CPU
		{5508EAD5-3BE6-4C41-9B33-F93D6D983DB1}.Debug|Any CPU.ActiveCfg = Debug|Any CPU
		{5508EAD5-3BE6-4C41-9B33-F93D6D983DB1}.Debug|Any CPU.Build.0 = Debug|Any CPU
		{5508EAD5-3BE6-4C41-9B33-F93D6D983DB1}.Release|Any CPU.ActiveCfg = Release|Any CPU
		{5508EAD5-3BE6-4C41-9B33-F93D6D983DB1}.Release|Any CPU.Build.0 = Release|Any CPU
		{E6FA484F-F042-4C4A-8A8C-72F2CC2E40C0}.Debug|Any CPU.ActiveCfg = Debug|Any CPU
		{E6FA484F-F042-4C4A-8A8C-72F2CC2E40C0}.Debug|Any CPU.Build.0 = Debug|Any CPU
		{E6FA484F-F042-4C4A-8A8C-72F2CC2E40C0}.Release|Any CPU.ActiveCfg = Release|Any CPU
		{E6FA484F-F042-4C4A-8A8C-72F2CC2E40C0}.Release|Any CPU.Build.0 = Release|Any CPU
		{D8441709-C99D-41CD-A66D-ECDBA4A6C340}.Debug|Any CPU.ActiveCfg = Debug|Any CPU
		{D8441709-C99D-41CD-A66D-ECDBA4A6C340}.Debug|Any CPU.Build.0 = Debug|Any CPU
		{D8441709-C99D-41CD-A66D-ECDBA4A6C340}.Release|Any CPU.ActiveCfg = Release|Any CPU
		{D8441709-C99D-41CD-A66D-ECDBA4A6C340}.Release|Any CPU.Build.0 = Release|Any CPU
		{97AB039F-4E88-436B-BB34-C3D1EEB40964}.Debug|Any CPU.ActiveCfg = Debug|Any CPU
		{97AB039F-4E88-436B-BB34-C3D1EEB40964}.Debug|Any CPU.Build.0 = Debug|Any CPU
		{97AB039F-4E88-436B-BB34-C3D1EEB40964}.Release|Any CPU.ActiveCfg = Release|Any CPU
		{97AB039F-4E88-436B-BB34-C3D1EEB40964}.Release|Any CPU.Build.0 = Release|Any CPU
		{4A6008F2-9435-4C2B-ACE3-5413C3261F4F}.Debug|Any CPU.ActiveCfg = Debug|Any CPU
		{4A6008F2-9435-4C2B-ACE3-5413C3261F4F}.Debug|Any CPU.Build.0 = Debug|Any CPU
		{4A6008F2-9435-4C2B-ACE3-5413C3261F4F}.Release|Any CPU.ActiveCfg = Release|Any CPU
		{4A6008F2-9435-4C2B-ACE3-5413C3261F4F}.Release|Any CPU.Build.0 = Release|Any CPU
		{DA5BCBBD-A7A9-4244-B781-C3BB4A72E447}.Debug|Any CPU.ActiveCfg = Debug|Any CPU
		{DA5BCBBD-A7A9-4244-B781-C3BB4A72E447}.Debug|Any CPU.Build.0 = Debug|Any CPU
		{DA5BCBBD-A7A9-4244-B781-C3BB4A72E447}.Release|Any CPU.ActiveCfg = Release|Any CPU
		{DA5BCBBD-A7A9-4244-B781-C3BB4A72E447}.Release|Any CPU.Build.0 = Release|Any CPU
		{20564F48-08B7-46C6-878A-F7863EA87308}.Debug|Any CPU.ActiveCfg = Debug|Any CPU
		{20564F48-08B7-46C6-878A-F7863EA87308}.Debug|Any CPU.Build.0 = Debug|Any CPU
		{20564F48-08B7-46C6-878A-F7863EA87308}.Release|Any CPU.ActiveCfg = Release|Any CPU
		{20564F48-08B7-46C6-878A-F7863EA87308}.Release|Any CPU.Build.0 = Release|Any CPU
		{B84BCD2C-04EC-4C05-8406-185C20F2296B}.Debug|Any CPU.ActiveCfg = Debug|Any CPU
		{B84BCD2C-04EC-4C05-8406-185C20F2296B}.Debug|Any CPU.Build.0 = Debug|Any CPU
		{B84BCD2C-04EC-4C05-8406-185C20F2296B}.Release|Any CPU.ActiveCfg = Release|Any CPU
		{B84BCD2C-04EC-4C05-8406-185C20F2296B}.Release|Any CPU.Build.0 = Release|Any CPU
		{4D0922CC-0EEF-4758-9948-DD1DB0F04B7B}.Debug|Any CPU.ActiveCfg = Debug|Any CPU
		{4D0922CC-0EEF-4758-9948-DD1DB0F04B7B}.Debug|Any CPU.Build.0 = Debug|Any CPU
		{4D0922CC-0EEF-4758-9948-DD1DB0F04B7B}.Release|Any CPU.ActiveCfg = Release|Any CPU
		{4D0922CC-0EEF-4758-9948-DD1DB0F04B7B}.Release|Any CPU.Build.0 = Release|Any CPU
		{59326AA8-7286-44A2-8826-5B07D2D89DBE}.Debug|Any CPU.ActiveCfg = Debug|Any CPU
		{59326AA8-7286-44A2-8826-5B07D2D89DBE}.Debug|Any CPU.Build.0 = Debug|Any CPU
		{59326AA8-7286-44A2-8826-5B07D2D89DBE}.Release|Any CPU.ActiveCfg = Release|Any CPU
		{59326AA8-7286-44A2-8826-5B07D2D89DBE}.Release|Any CPU.Build.0 = Release|Any CPU
		{C9C1C581-C2BC-4B78-A4C0-B8C7465716FD}.Debug|Any CPU.ActiveCfg = Debug|Any CPU
		{C9C1C581-C2BC-4B78-A4C0-B8C7465716FD}.Debug|Any CPU.Build.0 = Debug|Any CPU
		{C9C1C581-C2BC-4B78-A4C0-B8C7465716FD}.Release|Any CPU.ActiveCfg = Release|Any CPU
		{C9C1C581-C2BC-4B78-A4C0-B8C7465716FD}.Release|Any CPU.Build.0 = Release|Any CPU
		{B6BC02ED-5B1E-431F-95F3-CE4EA2941732}.Debug|Any CPU.ActiveCfg = Debug|Any CPU
		{B6BC02ED-5B1E-431F-95F3-CE4EA2941732}.Debug|Any CPU.Build.0 = Debug|Any CPU
		{B6BC02ED-5B1E-431F-95F3-CE4EA2941732}.Release|Any CPU.ActiveCfg = Release|Any CPU
		{B6BC02ED-5B1E-431F-95F3-CE4EA2941732}.Release|Any CPU.Build.0 = Release|Any CPU
		{D71DAECA-799F-41DC-A198-7E16899F0398}.Debug|Any CPU.ActiveCfg = Debug|Any CPU
		{D71DAECA-799F-41DC-A198-7E16899F0398}.Debug|Any CPU.Build.0 = Debug|Any CPU
		{D71DAECA-799F-41DC-A198-7E16899F0398}.Release|Any CPU.ActiveCfg = Release|Any CPU
		{D71DAECA-799F-41DC-A198-7E16899F0398}.Release|Any CPU.Build.0 = Release|Any CPU
		{057E2BAF-6D0F-4513-A661-A9DA8B82E45C}.Debug|Any CPU.ActiveCfg = Debug|Any CPU
		{057E2BAF-6D0F-4513-A661-A9DA8B82E45C}.Debug|Any CPU.Build.0 = Debug|Any CPU
		{057E2BAF-6D0F-4513-A661-A9DA8B82E45C}.Release|Any CPU.ActiveCfg = Release|Any CPU
		{057E2BAF-6D0F-4513-A661-A9DA8B82E45C}.Release|Any CPU.Build.0 = Release|Any CPU
		{08A38067-7A4A-4FF2-8134-110AB82D0B85}.Debug|Any CPU.ActiveCfg = Debug|Any CPU
		{08A38067-7A4A-4FF2-8134-110AB82D0B85}.Debug|Any CPU.Build.0 = Debug|Any CPU
		{08A38067-7A4A-4FF2-8134-110AB82D0B85}.Release|Any CPU.ActiveCfg = Release|Any CPU
		{08A38067-7A4A-4FF2-8134-110AB82D0B85}.Release|Any CPU.Build.0 = Release|Any CPU
		{0098C25F-799D-4310-AFD1-D3F9CCB68C20}.Debug|Any CPU.ActiveCfg = Debug|Any CPU
		{0098C25F-799D-4310-AFD1-D3F9CCB68C20}.Debug|Any CPU.Build.0 = Debug|Any CPU
		{0098C25F-799D-4310-AFD1-D3F9CCB68C20}.Release|Any CPU.ActiveCfg = Release|Any CPU
		{0098C25F-799D-4310-AFD1-D3F9CCB68C20}.Release|Any CPU.Build.0 = Release|Any CPU
		{5DC52BD7-B82F-47E8-8D5A-4CEF7AAFA60C}.Debug|Any CPU.ActiveCfg = Debug|Any CPU
		{5DC52BD7-B82F-47E8-8D5A-4CEF7AAFA60C}.Debug|Any CPU.Build.0 = Debug|Any CPU
		{5DC52BD7-B82F-47E8-8D5A-4CEF7AAFA60C}.Release|Any CPU.ActiveCfg = Release|Any CPU
		{5DC52BD7-B82F-47E8-8D5A-4CEF7AAFA60C}.Release|Any CPU.Build.0 = Release|Any CPU
		{8ABA77E2-C632-404D-9F79-F7FC122DDF8D}.Debug|Any CPU.ActiveCfg = Debug|Any CPU
		{8ABA77E2-C632-404D-9F79-F7FC122DDF8D}.Debug|Any CPU.Build.0 = Debug|Any CPU
		{8ABA77E2-C632-404D-9F79-F7FC122DDF8D}.Release|Any CPU.ActiveCfg = Release|Any CPU
		{8ABA77E2-C632-404D-9F79-F7FC122DDF8D}.Release|Any CPU.Build.0 = Release|Any CPU
		{8ED998E5-9ED1-4F28-A010-FE03F5EC6E83}.Debug|Any CPU.ActiveCfg = Debug|Any CPU
		{8ED998E5-9ED1-4F28-A010-FE03F5EC6E83}.Debug|Any CPU.Build.0 = Debug|Any CPU
		{8ED998E5-9ED1-4F28-A010-FE03F5EC6E83}.Release|Any CPU.ActiveCfg = Release|Any CPU
		{8ED998E5-9ED1-4F28-A010-FE03F5EC6E83}.Release|Any CPU.Build.0 = Release|Any CPU
		{6CD074CA-D2F5-4C50-810A-B97B6C53E382}.Debug|Any CPU.ActiveCfg = Debug|Any CPU
		{6CD074CA-D2F5-4C50-810A-B97B6C53E382}.Debug|Any CPU.Build.0 = Debug|Any CPU
		{6CD074CA-D2F5-4C50-810A-B97B6C53E382}.Release|Any CPU.ActiveCfg = Release|Any CPU
		{6CD074CA-D2F5-4C50-810A-B97B6C53E382}.Release|Any CPU.Build.0 = Release|Any CPU
	EndGlobalSection
	GlobalSection(SolutionProperties) = preSolution
		HideSolutionNode = FALSE
	EndGlobalSection
	GlobalSection(NestedProjects) = preSolution
		{1C4ACF57-25F8-4924-AB4B-D4C26C9E0FC1} = {CA9AC87F-097E-4F15-8393-4BC07735A5B0}
		{0FC5C74A-D6D6-4934-8C0D-184E70CE0C0B} = {CA9AC87F-097E-4F15-8393-4BC07735A5B0}
		{766F9EE5-3EA8-48E3-BB7B-906A9DEFA412} = {0FC5C74A-D6D6-4934-8C0D-184E70CE0C0B}
		{27EC79A9-42CF-4176-B3BB-697B07AA287B} = {0FC5C74A-D6D6-4934-8C0D-184E70CE0C0B}
		{42079C50-0D57-4885-82E2-2C7CCB4BE635} = {CA9AC87F-097E-4F15-8393-4BC07735A5B0}
		{356C65AF-4E2F-4D6A-97E7-D11B384EBFB5} = {CA9AC87F-097E-4F15-8393-4BC07735A5B0}
		{EFA0AD54-9FA1-4C62-B557-A1CDC3A43AB6} = {04DBDB01-70F4-4E06-B468-8F87850B22BE}
		{9F28FB6E-A077-49ED-A011-9200E9D854E8} = {04DBDB01-70F4-4E06-B468-8F87850B22BE}
		{DC8BB66A-2EDE-43A3-8D59-6B9238D03004} = {04DBDB01-70F4-4E06-B468-8F87850B22BE}
		{63E27D62-07F5-4EA6-9484-02E2B616B925} = {356C65AF-4E2F-4D6A-97E7-D11B384EBFB5}
		{9C6BB9E7-341F-4ABF-880F-9BFFE4EAE498} = {356C65AF-4E2F-4D6A-97E7-D11B384EBFB5}
		{5508EAD5-3BE6-4C41-9B33-F93D6D983DB1} = {356C65AF-4E2F-4D6A-97E7-D11B384EBFB5}
		{E6FA484F-F042-4C4A-8A8C-72F2CC2E40C0} = {356C65AF-4E2F-4D6A-97E7-D11B384EBFB5}
		{D8441709-C99D-41CD-A66D-ECDBA4A6C340} = {356C65AF-4E2F-4D6A-97E7-D11B384EBFB5}
		{97AB039F-4E88-436B-BB34-C3D1EEB40964} = {1C4ACF57-25F8-4924-AB4B-D4C26C9E0FC1}
		{4A6008F2-9435-4C2B-ACE3-5413C3261F4F} = {766F9EE5-3EA8-48E3-BB7B-906A9DEFA412}
		{DA5BCBBD-A7A9-4244-B781-C3BB4A72E447} = {766F9EE5-3EA8-48E3-BB7B-906A9DEFA412}
		{20564F48-08B7-46C6-878A-F7863EA87308} = {27EC79A9-42CF-4176-B3BB-697B07AA287B}
		{B84BCD2C-04EC-4C05-8406-185C20F2296B} = {27EC79A9-42CF-4176-B3BB-697B07AA287B}
		{4D0922CC-0EEF-4758-9948-DD1DB0F04B7B} = {42079C50-0D57-4885-82E2-2C7CCB4BE635}
		{59326AA8-7286-44A2-8826-5B07D2D89DBE} = {42079C50-0D57-4885-82E2-2C7CCB4BE635}
		{C9C1C581-C2BC-4B78-A4C0-B8C7465716FD} = {42079C50-0D57-4885-82E2-2C7CCB4BE635}
		{B6BC02ED-5B1E-431F-95F3-CE4EA2941732} = {42079C50-0D57-4885-82E2-2C7CCB4BE635}
		{D71DAECA-799F-41DC-A198-7E16899F0398} = {42079C50-0D57-4885-82E2-2C7CCB4BE635}
		{057E2BAF-6D0F-4513-A661-A9DA8B82E45C} = {9F28FB6E-A077-49ED-A011-9200E9D854E8}
		{08A38067-7A4A-4FF2-8134-110AB82D0B85} = {9F28FB6E-A077-49ED-A011-9200E9D854E8}
		{0098C25F-799D-4310-AFD1-D3F9CCB68C20} = {EFA0AD54-9FA1-4C62-B557-A1CDC3A43AB6}
		{5DC52BD7-B82F-47E8-8D5A-4CEF7AAFA60C} = {EFA0AD54-9FA1-4C62-B557-A1CDC3A43AB6}
		{8ABA77E2-C632-404D-9F79-F7FC122DDF8D} = {DC8BB66A-2EDE-43A3-8D59-6B9238D03004}
		{8ED998E5-9ED1-4F28-A010-FE03F5EC6E83} = {DC8BB66A-2EDE-43A3-8D59-6B9238D03004}
		{6CD074CA-D2F5-4C50-810A-B97B6C53E382} = {DC8BB66A-2EDE-43A3-8D59-6B9238D03004}
	EndGlobalSection
	GlobalSection(ExtensibilityGlobals) = postSolution
		SolutionGuid = {28315BFD-90E7-4E14-A2EA-F3D23AF4126F}
	EndGlobalSection
EndGlobal
